// !$*UTF8*$!
{
	archiveVersion = 1;
	classes = {
	};
	objectVersion = 51;
	objects = {

/* Begin PBXBuildFile section */
		56C8FF88A790CD07C7892194 /* Pods_RSAEncryptorDecryptorTests.framework in Frameworks */ = {isa = PBXBuildFile; fileRef = FB03E3D16403EF4F129364EB /* Pods_RSAEncryptorDecryptorTests.framework */; };
		718FC3056164861980E16A3B /* Pods_RSAEncryptorDecryptor.framework in Frameworks */ = {isa = PBXBuildFile; fileRef = 86AFAAEF21B89CD54EF57C65 /* Pods_RSAEncryptorDecryptor.framework */; };
		F0629B8923C1DEC7002252B7 /* StringConverter.swift in Sources */ = {isa = PBXBuildFile; fileRef = F0629B8823C1DEC7002252B7 /* StringConverter.swift */; };
		F0746A2923BA713B0089771E /* FileManagerFacade.swift in Sources */ = {isa = PBXBuildFile; fileRef = F0746A2823BA713B0089771E /* FileManagerFacade.swift */; };
		F0746A2C23BA73350089771E /* AppUtility.swift in Sources */ = {isa = PBXBuildFile; fileRef = F0746A2B23BA73350089771E /* AppUtility.swift */; };
		F0746A2F23BA74B70089771E /* RootViewModel.swift in Sources */ = {isa = PBXBuildFile; fileRef = F0746A2E23BA74B70089771E /* RootViewModel.swift */; };
		F0746A3123BA7B3A0089771E /* String+ASCII.swift in Sources */ = {isa = PBXBuildFile; fileRef = F0746A3023BA7B3A0089771E /* String+ASCII.swift */; };
		F0746A3423BA84C40089771E /* RootCoordinator.swift in Sources */ = {isa = PBXBuildFile; fileRef = F0746A3323BA84C40089771E /* RootCoordinator.swift */; };
		F08BA0F223BAA69400693610 /* Key.swift in Sources */ = {isa = PBXBuildFile; fileRef = F08BA0F123BAA69400693610 /* Key.swift */; };
		F08BA0F423BAAE1200693610 /* RSAManager.swift in Sources */ = {isa = PBXBuildFile; fileRef = F08BA0F323BAAE1200693610 /* RSAManager.swift */; };
		F08BA0F623BAB19A00693610 /* ArithmeticHelper.swift in Sources */ = {isa = PBXBuildFile; fileRef = F08BA0F523BAB19A00693610 /* ArithmeticHelper.swift */; };
		F08C3A5723BA6CB300EA2957 /* AppDelegate.swift in Sources */ = {isa = PBXBuildFile; fileRef = F08C3A5623BA6CB300EA2957 /* AppDelegate.swift */; };
		F08C3A5923BA6CB300EA2957 /* SceneDelegate.swift in Sources */ = {isa = PBXBuildFile; fileRef = F08C3A5823BA6CB300EA2957 /* SceneDelegate.swift */; };
		F08C3A5D23BA6CB700EA2957 /* Assets.xcassets in Resources */ = {isa = PBXBuildFile; fileRef = F08C3A5C23BA6CB700EA2957 /* Assets.xcassets */; };
		F08C3A6023BA6CB700EA2957 /* Preview Assets.xcassets in Resources */ = {isa = PBXBuildFile; fileRef = F08C3A5F23BA6CB700EA2957 /* Preview Assets.xcassets */; };
		F08C3A6323BA6CB700EA2957 /* LaunchScreen.storyboard in Resources */ = {isa = PBXBuildFile; fileRef = F08C3A6123BA6CB700EA2957 /* LaunchScreen.storyboard */; };
		F08C3A6E23BA6CB700EA2957 /* RSAEncryptorDecryptorTests.swift in Sources */ = {isa = PBXBuildFile; fileRef = F08C3A6D23BA6CB700EA2957 /* RSAEncryptorDecryptorTests.swift */; };
		F08C3A7A23BA6E9B00EA2957 /* RootViewController.swift in Sources */ = {isa = PBXBuildFile; fileRef = F08C3A7923BA6E9B00EA2957 /* RootViewController.swift */; };
/* End PBXBuildFile section */

/* Begin PBXContainerItemProxy section */
		F08C3A6A23BA6CB700EA2957 /* PBXContainerItemProxy */ = {
			isa = PBXContainerItemProxy;
			containerPortal = F08C3A4B23BA6CB300EA2957 /* Project object */;
			proxyType = 1;
			remoteGlobalIDString = F08C3A5223BA6CB300EA2957;
			remoteInfo = RSAEncryptorDecryptor;
		};
/* End PBXContainerItemProxy section */

/* Begin PBXFileReference section */
		10E3E7BC23172372101D133F /* Pods-RSAEncryptorDecryptor.release.xcconfig */ = {isa = PBXFileReference; includeInIndex = 1; lastKnownFileType = text.xcconfig; name = "Pods-RSAEncryptorDecryptor.release.xcconfig"; path = "Target Support Files/Pods-RSAEncryptorDecryptor/Pods-RSAEncryptorDecryptor.release.xcconfig"; sourceTree = "<group>"; };
		56572B9B958C78D563340260 /* Pods-RSAEncryptorDecryptor.debug.xcconfig */ = {isa = PBXFileReference; includeInIndex = 1; lastKnownFileType = text.xcconfig; name = "Pods-RSAEncryptorDecryptor.debug.xcconfig"; path = "Target Support Files/Pods-RSAEncryptorDecryptor/Pods-RSAEncryptorDecryptor.debug.xcconfig"; sourceTree = "<group>"; };
		58CAB348677559AEE90DCE48 /* Pods-RSAEncryptorDecryptorTests.debug.xcconfig */ = {isa = PBXFileReference; includeInIndex = 1; lastKnownFileType = text.xcconfig; name = "Pods-RSAEncryptorDecryptorTests.debug.xcconfig"; path = "Target Support Files/Pods-RSAEncryptorDecryptorTests/Pods-RSAEncryptorDecryptorTests.debug.xcconfig"; sourceTree = "<group>"; };
		738DCFF811A78842859EA4E9 /* Pods-RSAEncryptorDecryptorTests.release.xcconfig */ = {isa = PBXFileReference; includeInIndex = 1; lastKnownFileType = text.xcconfig; name = "Pods-RSAEncryptorDecryptorTests.release.xcconfig"; path = "Target Support Files/Pods-RSAEncryptorDecryptorTests/Pods-RSAEncryptorDecryptorTests.release.xcconfig"; sourceTree = "<group>"; };
		86AFAAEF21B89CD54EF57C65 /* Pods_RSAEncryptorDecryptor.framework */ = {isa = PBXFileReference; explicitFileType = wrapper.framework; includeInIndex = 0; path = Pods_RSAEncryptorDecryptor.framework; sourceTree = BUILT_PRODUCTS_DIR; };
		F0629B8823C1DEC7002252B7 /* StringConverter.swift */ = {isa = PBXFileReference; lastKnownFileType = sourcecode.swift; path = StringConverter.swift; sourceTree = "<group>"; };
		F0746A2823BA713B0089771E /* FileManagerFacade.swift */ = {isa = PBXFileReference; lastKnownFileType = sourcecode.swift; path = FileManagerFacade.swift; sourceTree = "<group>"; };
		F0746A2B23BA73350089771E /* AppUtility.swift */ = {isa = PBXFileReference; lastKnownFileType = sourcecode.swift; path = AppUtility.swift; sourceTree = "<group>"; };
		F0746A2E23BA74B70089771E /* RootViewModel.swift */ = {isa = PBXFileReference; lastKnownFileType = sourcecode.swift; path = RootViewModel.swift; sourceTree = "<group>"; };
		F0746A3023BA7B3A0089771E /* String+ASCII.swift */ = {isa = PBXFileReference; lastKnownFileType = sourcecode.swift; path = "String+ASCII.swift"; sourceTree = "<group>"; };
		F0746A3323BA84C40089771E /* RootCoordinator.swift */ = {isa = PBXFileReference; lastKnownFileType = sourcecode.swift; path = RootCoordinator.swift; sourceTree = "<group>"; };
		F08BA0F123BAA69400693610 /* Key.swift */ = {isa = PBXFileReference; lastKnownFileType = sourcecode.swift; path = Key.swift; sourceTree = "<group>"; };
		F08BA0F323BAAE1200693610 /* RSAManager.swift */ = {isa = PBXFileReference; lastKnownFileType = sourcecode.swift; path = RSAManager.swift; sourceTree = "<group>"; };
		F08BA0F523BAB19A00693610 /* ArithmeticHelper.swift */ = {isa = PBXFileReference; lastKnownFileType = sourcecode.swift; path = ArithmeticHelper.swift; sourceTree = "<group>"; };
		F08C3A5323BA6CB300EA2957 /* RSAEncryptorDecryptor.app */ = {isa = PBXFileReference; explicitFileType = wrapper.application; includeInIndex = 0; path = RSAEncryptorDecryptor.app; sourceTree = BUILT_PRODUCTS_DIR; };
		F08C3A5623BA6CB300EA2957 /* AppDelegate.swift */ = {isa = PBXFileReference; lastKnownFileType = sourcecode.swift; path = AppDelegate.swift; sourceTree = "<group>"; };
		F08C3A5823BA6CB300EA2957 /* SceneDelegate.swift */ = {isa = PBXFileReference; lastKnownFileType = sourcecode.swift; path = SceneDelegate.swift; sourceTree = "<group>"; };
		F08C3A5C23BA6CB700EA2957 /* Assets.xcassets */ = {isa = PBXFileReference; lastKnownFileType = folder.assetcatalog; path = Assets.xcassets; sourceTree = "<group>"; };
		F08C3A5F23BA6CB700EA2957 /* Preview Assets.xcassets */ = {isa = PBXFileReference; lastKnownFileType = folder.assetcatalog; path = "Preview Assets.xcassets"; sourceTree = "<group>"; };
		F08C3A6223BA6CB700EA2957 /* Base */ = {isa = PBXFileReference; lastKnownFileType = file.storyboard; name = Base; path = Base.lproj/LaunchScreen.storyboard; sourceTree = "<group>"; };
		F08C3A6423BA6CB700EA2957 /* Info.plist */ = {isa = PBXFileReference; lastKnownFileType = text.plist.xml; path = Info.plist; sourceTree = "<group>"; };
		F08C3A6923BA6CB700EA2957 /* RSAEncryptorDecryptorTests.xctest */ = {isa = PBXFileReference; explicitFileType = wrapper.cfbundle; includeInIndex = 0; path = RSAEncryptorDecryptorTests.xctest; sourceTree = BUILT_PRODUCTS_DIR; };
		F08C3A6D23BA6CB700EA2957 /* RSAEncryptorDecryptorTests.swift */ = {isa = PBXFileReference; lastKnownFileType = sourcecode.swift; path = RSAEncryptorDecryptorTests.swift; sourceTree = "<group>"; };
		F08C3A6F23BA6CB700EA2957 /* Info.plist */ = {isa = PBXFileReference; lastKnownFileType = text.plist.xml; path = Info.plist; sourceTree = "<group>"; };
		F08C3A7923BA6E9B00EA2957 /* RootViewController.swift */ = {isa = PBXFileReference; lastKnownFileType = sourcecode.swift; path = RootViewController.swift; sourceTree = "<group>"; };
		FB03E3D16403EF4F129364EB /* Pods_RSAEncryptorDecryptorTests.framework */ = {isa = PBXFileReference; explicitFileType = wrapper.framework; includeInIndex = 0; path = Pods_RSAEncryptorDecryptorTests.framework; sourceTree = BUILT_PRODUCTS_DIR; };
/* End PBXFileReference section */

/* Begin PBXFrameworksBuildPhase section */
		F08C3A5023BA6CB300EA2957 /* Frameworks */ = {
			isa = PBXFrameworksBuildPhase;
			buildActionMask = 2147483647;
			files = (
				718FC3056164861980E16A3B /* Pods_RSAEncryptorDecryptor.framework in Frameworks */,
			);
			runOnlyForDeploymentPostprocessing = 0;
		};
		F08C3A6623BA6CB700EA2957 /* Frameworks */ = {
			isa = PBXFrameworksBuildPhase;
			buildActionMask = 2147483647;
			files = (
				56C8FF88A790CD07C7892194 /* Pods_RSAEncryptorDecryptorTests.framework in Frameworks */,
			);
			runOnlyForDeploymentPostprocessing = 0;
		};
/* End PBXFrameworksBuildPhase section */

/* Begin PBXGroup section */
		31BC94D669E2C1AAAE49D5F1 /* Pods */ = {
			isa = PBXGroup;
			children = (
				56572B9B958C78D563340260 /* Pods-RSAEncryptorDecryptor.debug.xcconfig */,
				10E3E7BC23172372101D133F /* Pods-RSAEncryptorDecryptor.release.xcconfig */,
				58CAB348677559AEE90DCE48 /* Pods-RSAEncryptorDecryptorTests.debug.xcconfig */,
				738DCFF811A78842859EA4E9 /* Pods-RSAEncryptorDecryptorTests.release.xcconfig */,
			);
			path = Pods;
			sourceTree = "<group>";
		};
		5F25E8FFA2F384CE9E3CA2C6 /* Frameworks */ = {
			isa = PBXGroup;
			children = (
				86AFAAEF21B89CD54EF57C65 /* Pods_RSAEncryptorDecryptor.framework */,
				FB03E3D16403EF4F129364EB /* Pods_RSAEncryptorDecryptorTests.framework */,
			);
			name = Frameworks;
			sourceTree = "<group>";
		};
		F0746A2723BA71070089771E /* Helpers */ = {
			isa = PBXGroup;
			children = (
				F0746A2823BA713B0089771E /* FileManagerFacade.swift */,
				F08BA0F323BAAE1200693610 /* RSAManager.swift */,
				F08BA0F523BAB19A00693610 /* ArithmeticHelper.swift */,
				F0629B8823C1DEC7002252B7 /* StringConverter.swift */,
			);
			path = Helpers;
			sourceTree = "<group>";
		};
		F0746A2A23BA732C0089771E /* Utilities */ = {
			isa = PBXGroup;
			children = (
				F0746A2B23BA73350089771E /* AppUtility.swift */,
			);
			path = Utilities;
			sourceTree = "<group>";
		};
		F0746A2D23BA74AB0089771E /* ViewModels */ = {
			isa = PBXGroup;
			children = (
				F0746A2E23BA74B70089771E /* RootViewModel.swift */,
			);
			path = ViewModels;
			sourceTree = "<group>";
		};
		F0746A3223BA84A90089771E /* Coordinators */ = {
			isa = PBXGroup;
			children = (
				F0746A3323BA84C40089771E /* RootCoordinator.swift */,
			);
			path = Coordinators;
			sourceTree = "<group>";
		};
		F08BA0F023BAA68800693610 /* Models */ = {
			isa = PBXGroup;
			children = (
				F08BA0F123BAA69400693610 /* Key.swift */,
			);
			path = Models;
			sourceTree = "<group>";
		};
		F08C3A4A23BA6CB300EA2957 = {
			isa = PBXGroup;
			children = (
				F08C3A5523BA6CB300EA2957 /* RSAEncryptorDecryptor */,
				F08C3A6C23BA6CB700EA2957 /* RSAEncryptorDecryptorTests */,
				F08C3A5423BA6CB300EA2957 /* Products */,
				31BC94D669E2C1AAAE49D5F1 /* Pods */,
				5F25E8FFA2F384CE9E3CA2C6 /* Frameworks */,
			);
			sourceTree = "<group>";
		};
		F08C3A5423BA6CB300EA2957 /* Products */ = {
			isa = PBXGroup;
			children = (
				F08C3A5323BA6CB300EA2957 /* RSAEncryptorDecryptor.app */,
				F08C3A6923BA6CB700EA2957 /* RSAEncryptorDecryptorTests.xctest */,
			);
			name = Products;
			sourceTree = "<group>";
		};
		F08C3A5523BA6CB300EA2957 /* RSAEncryptorDecryptor */ = {
			isa = PBXGroup;
			children = (
				F08C3A7823BA6E6D00EA2957 /* Common */,
				F0746A3223BA84A90089771E /* Coordinators */,
				F08C3A7B23BA6E9E00EA2957 /* Controllers */,
				F08BA0F023BAA68800693610 /* Models */,
				F0746A2D23BA74AB0089771E /* ViewModels */,
			);
			path = RSAEncryptorDecryptor;
			sourceTree = "<group>";
		};
		F08C3A5E23BA6CB700EA2957 /* Preview Content */ = {
			isa = PBXGroup;
			children = (
				F08C3A5F23BA6CB700EA2957 /* Preview Assets.xcassets */,
			);
			path = "Preview Content";
			sourceTree = "<group>";
		};
		F08C3A6C23BA6CB700EA2957 /* RSAEncryptorDecryptorTests */ = {
			isa = PBXGroup;
			children = (
				F08C3A6D23BA6CB700EA2957 /* RSAEncryptorDecryptorTests.swift */,
				F08C3A6F23BA6CB700EA2957 /* Info.plist */,
			);
			path = RSAEncryptorDecryptorTests;
			sourceTree = "<group>";
		};
		F08C3A7823BA6E6D00EA2957 /* Common */ = {
			isa = PBXGroup;
			children = (
				F0746A2A23BA732C0089771E /* Utilities */,
				F0746A2723BA71070089771E /* Helpers */,
				F08C3A5623BA6CB300EA2957 /* AppDelegate.swift */,
				F08C3A5823BA6CB300EA2957 /* SceneDelegate.swift */,
				F08C3A5C23BA6CB700EA2957 /* Assets.xcassets */,
				F08C3A6123BA6CB700EA2957 /* LaunchScreen.storyboard */,
				F08C3A6423BA6CB700EA2957 /* Info.plist */,
				F08C3A5E23BA6CB700EA2957 /* Preview Content */,
				F0746A3023BA7B3A0089771E /* String+ASCII.swift */,
			);
			path = Common;
			sourceTree = "<group>";
		};
		F08C3A7B23BA6E9E00EA2957 /* Controllers */ = {
			isa = PBXGroup;
			children = (
				F08C3A7923BA6E9B00EA2957 /* RootViewController.swift */,
			);
			path = Controllers;
			sourceTree = "<group>";
		};
/* End PBXGroup section */

/* Begin PBXNativeTarget section */
		F08C3A5223BA6CB300EA2957 /* RSAEncryptorDecryptor */ = {
			isa = PBXNativeTarget;
			buildConfigurationList = F08C3A7223BA6CB700EA2957 /* Build configuration list for PBXNativeTarget "RSAEncryptorDecryptor" */;
			buildPhases = (
				734EABD48E89C59BEFE12357 /* [CP] Check Pods Manifest.lock */,
				F08C3A4F23BA6CB300EA2957 /* Sources */,
				F08C3A5023BA6CB300EA2957 /* Frameworks */,
				F08C3A5123BA6CB300EA2957 /* Resources */,
				754586DEC24350E78CFD739D /* [CP] Embed Pods Frameworks */,
			);
			buildRules = (
			);
			dependencies = (
			);
			name = RSAEncryptorDecryptor;
			productName = RSAEncryptorDecryptor;
			productReference = F08C3A5323BA6CB300EA2957 /* RSAEncryptorDecryptor.app */;
			productType = "com.apple.product-type.application";
		};
		F08C3A6823BA6CB700EA2957 /* RSAEncryptorDecryptorTests */ = {
			isa = PBXNativeTarget;
			buildConfigurationList = F08C3A7523BA6CB700EA2957 /* Build configuration list for PBXNativeTarget "RSAEncryptorDecryptorTests" */;
			buildPhases = (
				3DE91EF474B8FB256FFE68AD /* [CP] Check Pods Manifest.lock */,
				F08C3A6523BA6CB700EA2957 /* Sources */,
				F08C3A6623BA6CB700EA2957 /* Frameworks */,
				F08C3A6723BA6CB700EA2957 /* Resources */,
			);
			buildRules = (
			);
			dependencies = (
				F08C3A6B23BA6CB700EA2957 /* PBXTargetDependency */,
			);
			name = RSAEncryptorDecryptorTests;
			productName = RSAEncryptorDecryptorTests;
			productReference = F08C3A6923BA6CB700EA2957 /* RSAEncryptorDecryptorTests.xctest */;
			productType = "com.apple.product-type.bundle.unit-test";
		};
/* End PBXNativeTarget section */

/* Begin PBXProject section */
		F08C3A4B23BA6CB300EA2957 /* Project object */ = {
			isa = PBXProject;
			attributes = {
				LastSwiftUpdateCheck = 1120;
				LastUpgradeCheck = 1120;
				ORGANIZATIONNAME = "Booyac IT";
				TargetAttributes = {
					F08C3A5223BA6CB300EA2957 = {
						CreatedOnToolsVersion = 11.2.1;
					};
					F08C3A6823BA6CB700EA2957 = {
						CreatedOnToolsVersion = 11.2.1;
						TestTargetID = F08C3A5223BA6CB300EA2957;
					};
				};
			};
			buildConfigurationList = F08C3A4E23BA6CB300EA2957 /* Build configuration list for PBXProject "RSAEncryptorDecryptor" */;
			compatibilityVersion = "Xcode 9.3";
			developmentRegion = en;
			hasScannedForEncodings = 0;
			knownRegions = (
				en,
				Base,
			);
			mainGroup = F08C3A4A23BA6CB300EA2957;
			productRefGroup = F08C3A5423BA6CB300EA2957 /* Products */;
			projectDirPath = "";
			projectRoot = "";
			targets = (
				F08C3A5223BA6CB300EA2957 /* RSAEncryptorDecryptor */,
				F08C3A6823BA6CB700EA2957 /* RSAEncryptorDecryptorTests */,
			);
		};
/* End PBXProject section */

/* Begin PBXResourcesBuildPhase section */
		F08C3A5123BA6CB300EA2957 /* Resources */ = {
			isa = PBXResourcesBuildPhase;
			buildActionMask = 2147483647;
			files = (
				F08C3A6323BA6CB700EA2957 /* LaunchScreen.storyboard in Resources */,
				F08C3A6023BA6CB700EA2957 /* Preview Assets.xcassets in Resources */,
				F08C3A5D23BA6CB700EA2957 /* Assets.xcassets in Resources */,
			);
			runOnlyForDeploymentPostprocessing = 0;
		};
		F08C3A6723BA6CB700EA2957 /* Resources */ = {
			isa = PBXResourcesBuildPhase;
			buildActionMask = 2147483647;
			files = (
			);
			runOnlyForDeploymentPostprocessing = 0;
		};
/* End PBXResourcesBuildPhase section */

/* Begin PBXShellScriptBuildPhase section */
		3DE91EF474B8FB256FFE68AD /* [CP] Check Pods Manifest.lock */ = {
			isa = PBXShellScriptBuildPhase;
			buildActionMask = 2147483647;
			files = (
			);
			inputFileListPaths = (
			);
			inputPaths = (
				"${PODS_PODFILE_DIR_PATH}/Podfile.lock",
				"${PODS_ROOT}/Manifest.lock",
			);
			name = "[CP] Check Pods Manifest.lock";
			outputFileListPaths = (
			);
			outputPaths = (
				"$(DERIVED_FILE_DIR)/Pods-RSAEncryptorDecryptorTests-checkManifestLockResult.txt",
			);
			runOnlyForDeploymentPostprocessing = 0;
			shellPath = /bin/sh;
			shellScript = "diff \"${PODS_PODFILE_DIR_PATH}/Podfile.lock\" \"${PODS_ROOT}/Manifest.lock\" > /dev/null\nif [ $? != 0 ] ; then\n    # print error to STDERR\n    echo \"error: The sandbox is not in sync with the Podfile.lock. Run 'pod install' or update your CocoaPods installation.\" >&2\n    exit 1\nfi\n# This output is used by Xcode 'outputs' to avoid re-running this script phase.\necho \"SUCCESS\" > \"${SCRIPT_OUTPUT_FILE_0}\"\n";
			showEnvVarsInLog = 0;
		};
		734EABD48E89C59BEFE12357 /* [CP] Check Pods Manifest.lock */ = {
			isa = PBXShellScriptBuildPhase;
			buildActionMask = 2147483647;
			files = (
			);
			inputFileListPaths = (
			);
			inputPaths = (
				"${PODS_PODFILE_DIR_PATH}/Podfile.lock",
				"${PODS_ROOT}/Manifest.lock",
			);
			name = "[CP] Check Pods Manifest.lock";
			outputFileListPaths = (
			);
			outputPaths = (
				"$(DERIVED_FILE_DIR)/Pods-RSAEncryptorDecryptor-checkManifestLockResult.txt",
			);
			runOnlyForDeploymentPostprocessing = 0;
			shellPath = /bin/sh;
			shellScript = "diff \"${PODS_PODFILE_DIR_PATH}/Podfile.lock\" \"${PODS_ROOT}/Manifest.lock\" > /dev/null\nif [ $? != 0 ] ; then\n    # print error to STDERR\n    echo \"error: The sandbox is not in sync with the Podfile.lock. Run 'pod install' or update your CocoaPods installation.\" >&2\n    exit 1\nfi\n# This output is used by Xcode 'outputs' to avoid re-running this script phase.\necho \"SUCCESS\" > \"${SCRIPT_OUTPUT_FILE_0}\"\n";
			showEnvVarsInLog = 0;
		};
		754586DEC24350E78CFD739D /* [CP] Embed Pods Frameworks */ = {
			isa = PBXShellScriptBuildPhase;
			buildActionMask = 2147483647;
			files = (
			);
			inputFileListPaths = (
				"${PODS_ROOT}/Target Support Files/Pods-RSAEncryptorDecryptor/Pods-RSAEncryptorDecryptor-frameworks-${CONFIGURATION}-input-files.xcfilelist",
			);
			name = "[CP] Embed Pods Frameworks";
			outputFileListPaths = (
				"${PODS_ROOT}/Target Support Files/Pods-RSAEncryptorDecryptor/Pods-RSAEncryptorDecryptor-frameworks-${CONFIGURATION}-output-files.xcfilelist",
			);
			runOnlyForDeploymentPostprocessing = 0;
			shellPath = /bin/sh;
			shellScript = "\"${PODS_ROOT}/Target Support Files/Pods-RSAEncryptorDecryptor/Pods-RSAEncryptorDecryptor-frameworks.sh\"\n";
			showEnvVarsInLog = 0;
		};
/* End PBXShellScriptBuildPhase section */

/* Begin PBXSourcesBuildPhase section */
		F08C3A4F23BA6CB300EA2957 /* Sources */ = {
			isa = PBXSourcesBuildPhase;
			buildActionMask = 2147483647;
			files = (
				F0746A3423BA84C40089771E /* RootCoordinator.swift in Sources */,
				F08C3A5723BA6CB300EA2957 /* AppDelegate.swift in Sources */,
				F08BA0F623BAB19A00693610 /* ArithmeticHelper.swift in Sources */,
				F08BA0F223BAA69400693610 /* Key.swift in Sources */,
				F0746A2923BA713B0089771E /* FileManagerFacade.swift in Sources */,
				F0746A2C23BA73350089771E /* AppUtility.swift in Sources */,
				F0746A3123BA7B3A0089771E /* String+ASCII.swift in Sources */,
				F08BA0F423BAAE1200693610 /* RSAManager.swift in Sources */,
				F08C3A5923BA6CB300EA2957 /* SceneDelegate.swift in Sources */,
				F0746A2F23BA74B70089771E /* RootViewModel.swift in Sources */,
				F08C3A7A23BA6E9B00EA2957 /* RootViewController.swift in Sources */,
				F0629B8923C1DEC7002252B7 /* StringConverter.swift in Sources */,
			);
			runOnlyForDeploymentPostprocessing = 0;
		};
		F08C3A6523BA6CB700EA2957 /* Sources */ = {
			isa = PBXSourcesBuildPhase;
			buildActionMask = 2147483647;
			files = (
				F08C3A6E23BA6CB700EA2957 /* RSAEncryptorDecryptorTests.swift in Sources */,
			);
			runOnlyForDeploymentPostprocessing = 0;
		};
/* End PBXSourcesBuildPhase section */

/* Begin PBXTargetDependency section */
		F08C3A6B23BA6CB700EA2957 /* PBXTargetDependency */ = {
			isa = PBXTargetDependency;
			target = F08C3A5223BA6CB300EA2957 /* RSAEncryptorDecryptor */;
			targetProxy = F08C3A6A23BA6CB700EA2957 /* PBXContainerItemProxy */;
		};
/* End PBXTargetDependency section */

/* Begin PBXVariantGroup section */
		F08C3A6123BA6CB700EA2957 /* LaunchScreen.storyboard */ = {
			isa = PBXVariantGroup;
			children = (
				F08C3A6223BA6CB700EA2957 /* Base */,
			);
			name = LaunchScreen.storyboard;
			sourceTree = "<group>";
		};
/* End PBXVariantGroup section */

/* Begin XCBuildConfiguration section */
		F08C3A7023BA6CB700EA2957 /* Debug */ = {
			isa = XCBuildConfiguration;
			buildSettings = {
				ALWAYS_SEARCH_USER_PATHS = NO;
				CLANG_ANALYZER_NONNULL = YES;
				CLANG_ANALYZER_NUMBER_OBJECT_CONVERSION = YES_AGGRESSIVE;
				CLANG_CXX_LANGUAGE_STANDARD = "gnu++14";
				CLANG_CXX_LIBRARY = "libc++";
				CLANG_ENABLE_MODULES = YES;
				CLANG_ENABLE_OBJC_ARC = YES;
				CLANG_ENABLE_OBJC_WEAK = YES;
				CLANG_WARN_BLOCK_CAPTURE_AUTORELEASING = YES;
				CLANG_WARN_BOOL_CONVERSION = YES;
				CLANG_WARN_COMMA = YES;
				CLANG_WARN_CONSTANT_CONVERSION = YES;
				CLANG_WARN_DEPRECATED_OBJC_IMPLEMENTATIONS = YES;
				CLANG_WARN_DIRECT_OBJC_ISA_USAGE = YES_ERROR;
				CLANG_WARN_DOCUMENTATION_COMMENTS = YES;
				CLANG_WARN_EMPTY_BODY = YES;
				CLANG_WARN_ENUM_CONVERSION = YES;
				CLANG_WARN_INFINITE_RECURSION = YES;
				CLANG_WARN_INT_CONVERSION = YES;
				CLANG_WARN_NON_LITERAL_NULL_CONVERSION = YES;
				CLANG_WARN_OBJC_IMPLICIT_RETAIN_SELF = YES;
				CLANG_WARN_OBJC_LITERAL_CONVERSION = YES;
				CLANG_WARN_OBJC_ROOT_CLASS = YES_ERROR;
				CLANG_WARN_RANGE_LOOP_ANALYSIS = YES;
				CLANG_WARN_STRICT_PROTOTYPES = YES;
				CLANG_WARN_SUSPICIOUS_MOVE = YES;
				CLANG_WARN_UNGUARDED_AVAILABILITY = YES_AGGRESSIVE;
				CLANG_WARN_UNREACHABLE_CODE = YES;
				CLANG_WARN__DUPLICATE_METHOD_MATCH = YES;
				COPY_PHASE_STRIP = NO;
				DEBUG_INFORMATION_FORMAT = dwarf;
				ENABLE_STRICT_OBJC_MSGSEND = YES;
				ENABLE_TESTABILITY = YES;
				GCC_C_LANGUAGE_STANDARD = gnu11;
				GCC_DYNAMIC_NO_PIC = NO;
				GCC_NO_COMMON_BLOCKS = YES;
				GCC_OPTIMIZATION_LEVEL = 0;
				GCC_PREPROCESSOR_DEFINITIONS = (
					"DEBUG=1",
					"$(inherited)",
				);
				GCC_WARN_64_TO_32_BIT_CONVERSION = YES;
				GCC_WARN_ABOUT_RETURN_TYPE = YES_ERROR;
				GCC_WARN_UNDECLARED_SELECTOR = YES;
				GCC_WARN_UNINITIALIZED_AUTOS = YES_AGGRESSIVE;
				GCC_WARN_UNUSED_FUNCTION = YES;
				GCC_WARN_UNUSED_VARIABLE = YES;
				IPHONEOS_DEPLOYMENT_TARGET = 13.2;
				MTL_ENABLE_DEBUG_INFO = INCLUDE_SOURCE;
				MTL_FAST_MATH = YES;
				ONLY_ACTIVE_ARCH = YES;
				SDKROOT = iphoneos;
				SWIFT_ACTIVE_COMPILATION_CONDITIONS = DEBUG;
				SWIFT_OPTIMIZATION_LEVEL = "-Onone";
			};
			name = Debug;
		};
		F08C3A7123BA6CB700EA2957 /* Release */ = {
			isa = XCBuildConfiguration;
			buildSettings = {
				ALWAYS_SEARCH_USER_PATHS = NO;
				CLANG_ANALYZER_NONNULL = YES;
				CLANG_ANALYZER_NUMBER_OBJECT_CONVERSION = YES_AGGRESSIVE;
				CLANG_CXX_LANGUAGE_STANDARD = "gnu++14";
				CLANG_CXX_LIBRARY = "libc++";
				CLANG_ENABLE_MODULES = YES;
				CLANG_ENABLE_OBJC_ARC = YES;
				CLANG_ENABLE_OBJC_WEAK = YES;
				CLANG_WARN_BLOCK_CAPTURE_AUTORELEASING = YES;
				CLANG_WARN_BOOL_CONVERSION = YES;
				CLANG_WARN_COMMA = YES;
				CLANG_WARN_CONSTANT_CONVERSION = YES;
				CLANG_WARN_DEPRECATED_OBJC_IMPLEMENTATIONS = YES;
				CLANG_WARN_DIRECT_OBJC_ISA_USAGE = YES_ERROR;
				CLANG_WARN_DOCUMENTATION_COMMENTS = YES;
				CLANG_WARN_EMPTY_BODY = YES;
				CLANG_WARN_ENUM_CONVERSION = YES;
				CLANG_WARN_INFINITE_RECURSION = YES;
				CLANG_WARN_INT_CONVERSION = YES;
				CLANG_WARN_NON_LITERAL_NULL_CONVERSION = YES;
				CLANG_WARN_OBJC_IMPLICIT_RETAIN_SELF = YES;
				CLANG_WARN_OBJC_LITERAL_CONVERSION = YES;
				CLANG_WARN_OBJC_ROOT_CLASS = YES_ERROR;
				CLANG_WARN_RANGE_LOOP_ANALYSIS = YES;
				CLANG_WARN_STRICT_PROTOTYPES = YES;
				CLANG_WARN_SUSPICIOUS_MOVE = YES;
				CLANG_WARN_UNGUARDED_AVAILABILITY = YES_AGGRESSIVE;
				CLANG_WARN_UNREACHABLE_CODE = YES;
				CLANG_WARN__DUPLICATE_METHOD_MATCH = YES;
				COPY_PHASE_STRIP = NO;
				DEBUG_INFORMATION_FORMAT = "dwarf-with-dsym";
				ENABLE_NS_ASSERTIONS = NO;
				ENABLE_STRICT_OBJC_MSGSEND = YES;
				GCC_C_LANGUAGE_STANDARD = gnu11;
				GCC_NO_COMMON_BLOCKS = YES;
				GCC_WARN_64_TO_32_BIT_CONVERSION = YES;
				GCC_WARN_ABOUT_RETURN_TYPE = YES_ERROR;
				GCC_WARN_UNDECLARED_SELECTOR = YES;
				GCC_WARN_UNINITIALIZED_AUTOS = YES_AGGRESSIVE;
				GCC_WARN_UNUSED_FUNCTION = YES;
				GCC_WARN_UNUSED_VARIABLE = YES;
				IPHONEOS_DEPLOYMENT_TARGET = 13.2;
				MTL_ENABLE_DEBUG_INFO = NO;
				MTL_FAST_MATH = YES;
				SDKROOT = iphoneos;
				SWIFT_COMPILATION_MODE = wholemodule;
				SWIFT_OPTIMIZATION_LEVEL = "-O";
				VALIDATE_PRODUCT = YES;
			};
			name = Release;
		};
		F08C3A7323BA6CB700EA2957 /* Debug */ = {
			isa = XCBuildConfiguration;
			baseConfigurationReference = 56572B9B958C78D563340260 /* Pods-RSAEncryptorDecryptor.debug.xcconfig */;
			buildSettings = {
				ASSETCATALOG_COMPILER_APPICON_NAME = AppIcon;
				CODE_SIGN_STYLE = Automatic;
				DEVELOPMENT_ASSET_PATHS = "\"RSAEncryptorDecryptor/Common/Preview Content\"";
				DEVELOPMENT_TEAM = 4VV3H7446H;
				ENABLE_PREVIEWS = YES;
				INFOPLIST_FILE = RSAEncryptorDecryptor/Common/Info.plist;
				LD_RUNPATH_SEARCH_PATHS = (
					"$(inherited)",
					"@executable_path/Frameworks",
				);
				PRODUCT_BUNDLE_IDENTIFIER = com.booyac.RSAEncryptorDecryptor;
				PRODUCT_NAME = "$(TARGET_NAME)";
				SWIFT_VERSION = 5.0;
				TARGETED_DEVICE_FAMILY = "1,2";
			};
			name = Debug;
		};
		F08C3A7423BA6CB700EA2957 /* Release */ = {
			isa = XCBuildConfiguration;
			baseConfigurationReference = 10E3E7BC23172372101D133F /* Pods-RSAEncryptorDecryptor.release.xcconfig */;
			buildSettings = {
				ASSETCATALOG_COMPILER_APPICON_NAME = AppIcon;
				CODE_SIGN_STYLE = Automatic;
				DEVELOPMENT_ASSET_PATHS = "\"RSAEncryptorDecryptor/Common/Preview Content\"";
				DEVELOPMENT_TEAM = 4VV3H7446H;
				ENABLE_PREVIEWS = YES;
				INFOPLIST_FILE = RSAEncryptorDecryptor/Common/Info.plist;
				LD_RUNPATH_SEARCH_PATHS = (
					"$(inherited)",
					"@executable_path/Frameworks",
				);
				PRODUCT_BUNDLE_IDENTIFIER = com.booyac.RSAEncryptorDecryptor;
				PRODUCT_NAME = "$(TARGET_NAME)";
				SWIFT_VERSION = 5.0;
				TARGETED_DEVICE_FAMILY = "1,2";
			};
			name = Release;
		};
		F08C3A7623BA6CB700EA2957 /* Debug */ = {
			isa = XCBuildConfiguration;
			baseConfigurationReference = 58CAB348677559AEE90DCE48 /* Pods-RSAEncryptorDecryptorTests.debug.xcconfig */;
			buildSettings = {
				ALWAYS_EMBED_SWIFT_STANDARD_LIBRARIES = YES;
				BUNDLE_LOADER = "$(TEST_HOST)";
				CODE_SIGN_STYLE = Automatic;
				DEVELOPMENT_TEAM = 4VV3H7446H;
				INFOPLIST_FILE = RSAEncryptorDecryptorTests/Info.plist;
				IPHONEOS_DEPLOYMENT_TARGET = 13.2;
				LD_RUNPATH_SEARCH_PATHS = (
					"$(inherited)",
					"@executable_path/Frameworks",
					"@loader_path/Frameworks",
				);
				PRODUCT_BUNDLE_IDENTIFIER = com.booyac.RSAEncryptorDecryptorTests;
				PRODUCT_NAME = "$(TARGET_NAME)";
				SWIFT_VERSION = 5.0;
				TARGETED_DEVICE_FAMILY = "1,2";
				TEST_HOST = "$(BUILT_PRODUCTS_DIR)/RSAEncryptorDecryptor.app/RSAEncryptorDecryptor";
			};
			name = Debug;
		};
		F08C3A7723BA6CB700EA2957 /* Release */ = {
			isa = XCBuildConfiguration;
			baseConfigurationReference = 738DCFF811A78842859EA4E9 /* Pods-RSAEncryptorDecryptorTests.release.xcconfig */;
			buildSettings = {
				ALWAYS_EMBED_SWIFT_STANDARD_LIBRARIES = YES;
				BUNDLE_LOADER = "$(TEST_HOST)";
				CODE_SIGN_STYLE = Automatic;
				DEVELOPMENT_TEAM = 4VV3H7446H;
				INFOPLIST_FILE = RSAEncryptorDecryptorTests/Info.plist;
				IPHONEOS_DEPLOYMENT_TARGET = 13.2;
				LD_RUNPATH_SEARCH_PATHS = (
					"$(inherited)",
					"@executable_path/Frameworks",
					"@loader_path/Frameworks",
				);
				PRODUCT_BUNDLE_IDENTIFIER = com.booyac.RSAEncryptorDecryptorTests;
				PRODUCT_NAME = "$(TARGET_NAME)";
				SWIFT_VERSION = 5.0;
				TARGETED_DEVICE_FAMILY = "1,2";
				TEST_HOST = "$(BUILT_PRODUCTS_DIR)/RSAEncryptorDecryptor.app/RSAEncryptorDecryptor";
			};
			name = Release;
		};
/* End XCBuildConfiguration section */

/* Begin XCConfigurationList section */
		F08C3A4E23BA6CB300EA2957 /* Build configuration list for PBXProject "RSAEncryptorDecryptor" */ = {
			isa = XCConfigurationList;
			buildConfigurations = (
				F08C3A7023BA6CB700EA2957 /* Debug */,
				F08C3A7123BA6CB700EA2957 /* Release */,
			);
			defaultConfigurationIsVisible = 0;
			defaultConfigurationName = Release;
		};
		F08C3A7223BA6CB700EA2957 /* Build configuration list for PBXNativeTarget "RSAEncryptorDecryptor" */ = {
			isa = XCConfigurationList;
			buildConfigurations = (
				F08C3A7323BA6CB700EA2957 /* Debug */,
				F08C3A7423BA6CB700EA2957 /* Release */,
			);
			defaultConfigurationIsVisible = 0;
			defaultConfigurationName = Release;
		};
		F08C3A7523BA6CB700EA2957 /* Build configuration list for PBXNativeTarget "RSAEncryptorDecryptorTests" */ = {
			isa = XCConfigurationList;
			buildConfigurations = (
				F08C3A7623BA6CB700EA2957 /* Debug */,
				F08C3A7723BA6CB700EA2957 /* Release */,
			);
			defaultConfigurationIsVisible = 0;
			defaultConfigurationName = Release;
		};
/* End XCConfigurationList section */
	};
	rootObject = F08C3A4B23BA6CB300EA2957 /* Project object */;
}
